
Microsoft Visual Studio Solution File, Format Version 12.00
# Visual Studio Version 17
VisualStudioVersion = 17.7.34221.43
MinimumVisualStudioVersion = 10.0.40219.1
Project("{FAE04EC0-301F-11D3-BF4B-00C04F79EFBC}") = "To-Do_List", "To-Do_List\To-Do_List.csproj", "{B867F7D2-BA93-4C00-868E-AECBF1749938}"
EndProject
Global
	GlobalSection(SolutionConfigurationPlatforms) = preSolution
		Debug|Any CPU = Debug|Any CPU
		Release|Any CPU = Release|Any CPU
	EndGlobalSection
	GlobalSection(ProjectConfigurationPlatforms) = postSolution
		{B867F7D2-BA93-4C00-868E-AECBF1749938}.Debug|Any CPU.ActiveCfg = Debug|Any CPU
		{B867F7D2-BA93-4C00-868E-AECBF1749938}.Debug|Any CPU.Build.0 = Debug|Any CPU
		{B867F7D2-BA93-4C00-868E-AECBF1749938}.Release|Any CPU.ActiveCfg = Release|Any CPU
		{B867F7D2-BA93-4C00-868E-AECBF1749938}.Release|Any CPU.Build.0 = Release|Any CPU
	EndGlobalSection
	GlobalSection(SolutionProperties) = preSolution
		HideSolutionNode = FALSE
	EndGlobalSection
	GlobalSection(ExtensibilityGlobals) = postSolution
		SolutionGuid = {21D7D232-EF38-4FAC-9D8A-DD2E4363C4F0}
	EndGlobalSection
EndGlobal
